
Microsoft Visual Studio Solution File, Format Version 12.00
# Visual Studio 15
VisualStudioVersion = 15.0.27004.2005
MinimumVisualStudioVersion = 10.0.40219.1
Project("{FAE04EC0-301F-11D3-BF4B-00C04F79EFBC}") = "01_", "01_.csproj", "{D9364AF8-F8E6-492D-BB0B-E07C49102607}"
EndProject
Project("{FAE04EC0-301F-11D3-BF4B-00C04F79EFBC}") = "02_IEnumerable", "..\ConsoleApp1\02_IEnumerable.csproj", "{52D443D6-1868-41B8-8BA7-23CF87A56C90}"
EndProject
Project("{FAE04EC0-301F-11D3-BF4B-00C04F79EFBC}") = "03_Loosecoup", "ConsoleApp1\03_Loosecoup.csproj", "{D69AF8C2-316F-4DB0-B28A-EF273A66BAC7}"
EndProject
Project("{FAE04EC0-301F-11D3-BF4B-00C04F79EFBC}") = "04_", "ConsoleApp2\04_.csproj", "{83F1618A-7FF0-4B69-9637-C5E9E516787C}"
EndProject
Global
	GlobalSection(SolutionConfigurationPlatforms) = preSolution
		Debug|Any CPU = Debug|Any CPU
		Release|Any CPU = Release|Any CPU
	EndGlobalSection
	GlobalSection(ProjectConfigurationPlatforms) = postSolution
		{D9364AF8-F8E6-492D-BB0B-E07C49102607}.Debug|Any CPU.ActiveCfg = Debug|Any CPU
		{D9364AF8-F8E6-492D-BB0B-E07C49102607}.Debug|Any CPU.Build.0 = Debug|Any CPU
		{D9364AF8-F8E6-492D-BB0B-E07C49102607}.Release|Any CPU.ActiveCfg = Release|Any CPU
		{D9364AF8-F8E6-492D-BB0B-E07C49102607}.Release|Any CPU.Build.0 = Release|Any CPU
		{52D443D6-1868-41B8-8BA7-23CF87A56C90}.Debug|Any CPU.ActiveCfg = Debug|Any CPU
		{52D443D6-1868-41B8-8BA7-23CF87A56C90}.Debug|Any CPU.Build.0 = Debug|Any CPU
		{52D443D6-1868-41B8-8BA7-23CF87A56C90}.Release|Any CPU.ActiveCfg = Release|Any CPU
		{52D443D6-1868-41B8-8BA7-23CF87A56C90}.Release|Any CPU.Build.0 = Release|Any CPU
		{D69AF8C2-316F-4DB0-B28A-EF273A66BAC7}.Debug|Any CPU.ActiveCfg = Debug|Any CPU
		{D69AF8C2-316F-4DB0-B28A-EF273A66BAC7}.Debug|Any CPU.Build.0 = Debug|Any CPU
		{D69AF8C2-316F-4DB0-B28A-EF273A66BAC7}.Release|Any CPU.ActiveCfg = Release|Any CPU
		{D69AF8C2-316F-4DB0-B28A-EF273A66BAC7}.Release|Any CPU.Build.0 = Release|Any CPU
		{83F1618A-7FF0-4B69-9637-C5E9E516787C}.Debug|Any CPU.ActiveCfg = Debug|Any CPU
		{83F1618A-7FF0-4B69-9637-C5E9E516787C}.Debug|Any CPU.Build.0 = Debug|Any CPU
		{83F1618A-7FF0-4B69-9637-C5E9E516787C}.Release|Any CPU.ActiveCfg = Release|Any CPU
		{83F1618A-7FF0-4B69-9637-C5E9E516787C}.Release|Any CPU.Build.0 = Release|Any CPU
	EndGlobalSection
	GlobalSection(SolutionProperties) = preSolution
		HideSolutionNode = FALSE
	EndGlobalSection
	GlobalSection(ExtensibilityGlobals) = postSolution
		SolutionGuid = {269D68E4-21AA-4524-9C92-EA0BAA8663E6}
	EndGlobalSection
EndGlobal
